// !$*UTF8*$!
{
	archiveVersion = 1;
	classes = {
	};
	objectVersion = 46;
	objects = {

/* Begin PBXBuildFile section */
		646451EF1AA4835F00F21DCF /* AddToDoItemViewController.m in Sources */ = {isa = PBXBuildFile; fileRef = 646451EE1AA4835F00F21DCF /* AddToDoItemViewController.m */; };
		646451F21AA4867600F21DCF /* ToDoListTableViewController.m in Sources */ = {isa = PBXBuildFile; fileRef = 646451F11AA4867600F21DCF /* ToDoListTableViewController.m */; };
		6475C7501A9A26E10027216B /* main.m in Sources */ = {isa = PBXBuildFile; fileRef = 6475C74F1A9A26E10027216B /* main.m */; };
		6475C7531A9A26E10027216B /* AppDelegate.m in Sources */ = {isa = PBXBuildFile; fileRef = 6475C7521A9A26E10027216B /* AppDelegate.m */; };
		6475C7591A9A26E10027216B /* Main.storyboard in Resources */ = {isa = PBXBuildFile; fileRef = 6475C7571A9A26E10027216B /* Main.storyboard */; };
		6475C75B1A9A26E10027216B /* Images.xcassets in Resources */ = {isa = PBXBuildFile; fileRef = 6475C75A1A9A26E10027216B /* Images.xcassets */; };
		6475C75E1A9A26E10027216B /* LaunchScreen.xib in Resources */ = {isa = PBXBuildFile; fileRef = 6475C75C1A9A26E10027216B /* LaunchScreen.xib */; };
		6475C76A1A9A26E10027216B /* myToDoAppTests.m in Sources */ = {isa = PBXBuildFile; fileRef = 6475C7691A9A26E10027216B /* myToDoAppTests.m */; };
		64ECD7C01AA5F786003E06A6 /* ToDoItem.m in Sources */ = {isa = PBXBuildFile; fileRef = 64ECD7BF1AA5F786003E06A6 /* ToDoItem.m */; };
/* End PBXBuildFile section */

/* Begin PBXContainerItemProxy section */
		6475C7641A9A26E10027216B /* PBXContainerItemProxy */ = {
			isa = PBXContainerItemProxy;
			containerPortal = 6475C7421A9A26E10027216B /* Project object */;
			proxyType = 1;
			remoteGlobalIDString = 6475C7491A9A26E10027216B;
			remoteInfo = myToDoApp;
		};
/* End PBXContainerItemProxy section */

/* Begin PBXFileReference section */
		646451ED1AA4835F00F21DCF /* AddToDoItemViewController.h */ = {isa = PBXFileReference; fileEncoding = 4; lastKnownFileType = sourcecode.c.h; name = AddToDoItemViewController.h; path = ../AddToDoItemViewController.h; sourceTree = "<group>"; };
		646451EE1AA4835F00F21DCF /* AddToDoItemViewController.m */ = {isa = PBXFileReference; fileEncoding = 4; lastKnownFileType = sourcecode.c.objc; name = AddToDoItemViewController.m; path = ../AddToDoItemViewController.m; sourceTree = "<group>"; };
		646451F01AA4867600F21DCF /* ToDoListTableViewController.h */ = {isa = PBXFileReference; fileEncoding = 4; lastKnownFileType = sourcecode.c.h; path = ToDoListTableViewController.h; sourceTree = "<group>"; };
		646451F11AA4867600F21DCF /* ToDoListTableViewController.m */ = {isa = PBXFileReference; fileEncoding = 4; lastKnownFileType = sourcecode.c.objc; path = ToDoListTableViewController.m; sourceTree = "<group>"; };
		6475C74A1A9A26E10027216B /* myToDoApp.app */ = {isa = PBXFileReference; explicitFileType = wrapper.application; includeInIndex = 0; path = myToDoApp.app; sourceTree = BUILT_PRODUCTS_DIR; };
		6475C74E1A9A26E10027216B /* Info.plist */ = {isa = PBXFileReference; lastKnownFileType = text.plist.xml; path = Info.plist; sourceTree = "<group>"; };
		6475C74F1A9A26E10027216B /* main.m */ = {isa = PBXFileReference; lastKnownFileType = sourcecode.c.objc; path = main.m; sourceTree = "<group>"; };
		6475C7511A9A26E10027216B /* AppDelegate.h */ = {isa = PBXFileReference; lastKnownFileType = sourcecode.c.h; path = AppDelegate.h; sourceTree = "<group>"; };
		6475C7521A9A26E10027216B /* AppDelegate.m */ = {isa = PBXFileReference; lastKnownFileType = sourcecode.c.objc; path = AppDelegate.m; sourceTree = "<group>"; };
		6475C7581A9A26E10027216B /* Base */ = {isa = PBXFileReference; lastKnownFileType = file.storyboard; name = Base; path = Base.lproj/Main.storyboard; sourceTree = "<group>"; };
		6475C75A1A9A26E10027216B /* Images.xcassets */ = {isa = PBXFileReference; lastKnownFileType = folder.assetcatalog; path = Images.xcassets; sourceTree = "<group>"; };
		6475C75D1A9A26E10027216B /* Base */ = {isa = PBXFileReference; lastKnownFileType = file.xib; name = Base; path = Base.lproj/LaunchScreen.xib; sourceTree = "<group>"; };
		6475C7631A9A26E10027216B /* myToDoAppTests.xctest */ = {isa = PBXFileReference; explicitFileType = wrapper.cfbundle; includeInIndex = 0; path = myToDoAppTests.xctest; sourceTree = BUILT_PRODUCTS_DIR; };
		6475C7681A9A26E10027216B /* Info.plist */ = {isa = PBXFileReference; lastKnownFileType = text.plist.xml; path = Info.plist; sourceTree = "<group>"; };
		6475C7691A9A26E10027216B /* myToDoAppTests.m */ = {isa = PBXFileReference; lastKnownFileType = sourcecode.c.objc; path = myToDoAppTests.m; sourceTree = "<group>"; };
		64ECD7BE1AA5F786003E06A6 /* ToDoItem.h */ = {isa = PBXFileReference; fileEncoding = 4; lastKnownFileType = sourcecode.c.h; path = ToDoItem.h; sourceTree = "<group>"; };
		64ECD7BF1AA5F786003E06A6 /* ToDoItem.m */ = {isa = PBXFileReference; fileEncoding = 4; lastKnownFileType = sourcecode.c.objc; path = ToDoItem.m; sourceTree = "<group>"; };
/* End PBXFileReference section */

/* Begin PBXFrameworksBuildPhase section */
		6475C7471A9A26E10027216B /* Frameworks */ = {
			isa = PBXFrameworksBuildPhase;
			buildActionMask = 2147483647;
			files = (
			);
			runOnlyForDeploymentPostprocessing = 0;
		};
		6475C7601A9A26E10027216B /* Frameworks */ = {
			isa = PBXFrameworksBuildPhase;
			buildActionMask = 2147483647;
			files = (
			);
			runOnlyForDeploymentPostprocessing = 0;
		};
/* End PBXFrameworksBuildPhase section */

/* Begin PBXGroup section */
		6475C7411A9A26E10027216B = {
			isa = PBXGroup;
			children = (
				64ECD7BE1AA5F786003E06A6 /* ToDoItem.h */,
				64ECD7BF1AA5F786003E06A6 /* ToDoItem.m */,
				6475C74C1A9A26E10027216B /* myToDoApp */,
				6475C7661A9A26E10027216B /* myToDoAppTests */,
				6475C74B1A9A26E10027216B /* Products */,
			);
			sourceTree = "<group>";
		};
		6475C74B1A9A26E10027216B /* Products */ = {
			isa = PBXGroup;
			children = (
				6475C74A1A9A26E10027216B /* myToDoApp.app */,
				6475C7631A9A26E10027216B /* myToDoAppTests.xctest */,
			);
			name = Products;
			sourceTree = "<group>";
		};
		6475C74C1A9A26E10027216B /* myToDoApp */ = {
			isa = PBXGroup;
			children = (
				646451ED1AA4835F00F21DCF /* AddToDoItemViewController.h */,
				646451EE1AA4835F00F21DCF /* AddToDoItemViewController.m */,
				6475C7511A9A26E10027216B /* AppDelegate.h */,
				6475C7521A9A26E10027216B /* AppDelegate.m */,
				6475C7571A9A26E10027216B /* Main.storyboard */,
				646451F01AA4867600F21DCF /* ToDoListTableViewController.h */,
				646451F11AA4867600F21DCF /* ToDoListTableViewController.m */,
				6475C75A1A9A26E10027216B /* Images.xcassets */,
				6475C75C1A9A26E10027216B /* LaunchScreen.xib */,
				6475C74D1A9A26E10027216B /* Supporting Files */,
			);
			path = myToDoApp;
			sourceTree = "<group>";
		};
		6475C74D1A9A26E10027216B /* Supporting Files */ = {
			isa = PBXGroup;
			children = (
				6475C74E1A9A26E10027216B /* Info.plist */,
				6475C74F1A9A26E10027216B /* main.m */,
			);
			name = "Supporting Files";
			sourceTree = "<group>";
		};
		6475C7661A9A26E10027216B /* myToDoAppTests */ = {
			isa = PBXGroup;
			children = (
				6475C7691A9A26E10027216B /* myToDoAppTests.m */,
				6475C7671A9A26E10027216B /* Supporting Files */,
			);
			path = myToDoAppTests;
			sourceTree = "<group>";
		};
		6475C7671A9A26E10027216B /* Supporting Files */ = {
			isa = PBXGroup;
			children = (
				6475C7681A9A26E10027216B /* Info.plist */,
			);
			name = "Supporting Files";
			sourceTree = "<group>";
		};
/* End PBXGroup section */

/* Begin PBXNativeTarget section */
		6475C7491A9A26E10027216B /* myToDoApp */ = {
			isa = PBXNativeTarget;
			buildConfigurationList = 6475C76D1A9A26E10027216B /* Build configuration list for PBXNativeTarget "myToDoApp" */;
			buildPhases = (
				6475C7461A9A26E10027216B /* Sources */,
				6475C7471A9A26E10027216B /* Frameworks */,
				6475C7481A9A26E10027216B /* Resources */,
			);
			buildRules = (
			);
			dependencies = (
			);
			name = myToDoApp;
			productName = myToDoApp;
			productReference = 6475C74A1A9A26E10027216B /* myToDoApp.app */;
			productType = "com.apple.product-type.application";
		};
		6475C7621A9A26E10027216B /* myToDoAppTests */ = {
			isa = PBXNativeTarget;
			buildConfigurationList = 6475C7701A9A26E10027216B /* Build configuration list for PBXNativeTarget "myToDoAppTests" */;
			buildPhases = (
				6475C75F1A9A26E10027216B /* Sources */,
				6475C7601A9A26E10027216B /* Frameworks */,
				6475C7611A9A26E10027216B /* Resources */,
			);
			buildRules = (
			);
			dependencies = (
				6475C7651A9A26E10027216B /* PBXTargetDependency */,
			);
			name = myToDoAppTests;
			productName = myToDoAppTests;
			productReference = 6475C7631A9A26E10027216B /* myToDoAppTests.xctest */;
			productType = "com.apple.product-type.bundle.unit-test";
		};
/* End PBXNativeTarget section */

/* Begin PBXProject section */
		6475C7421A9A26E10027216B /* Project object */ = {
			isa = PBXProject;
			attributes = {
				LastUpgradeCheck = 0610;
				ORGANIZATIONNAME = "Ross Whyte";
				TargetAttributes = {
					6475C7491A9A26E10027216B = {
						CreatedOnToolsVersion = 6.1.1;
					};
					6475C7621A9A26E10027216B = {
						CreatedOnToolsVersion = 6.1.1;
						TestTargetID = 6475C7491A9A26E10027216B;
					};
				};
			};
			buildConfigurationList = 6475C7451A9A26E10027216B /* Build configuration list for PBXProject "myToDoApp" */;
			compatibilityVersion = "Xcode 3.2";
			developmentRegion = English;
			hasScannedForEncodings = 0;
			knownRegions = (
				en,
				Base,
			);
			mainGroup = 6475C7411A9A26E10027216B;
			productRefGroup = 6475C74B1A9A26E10027216B /* Products */;
			projectDirPath = "";
			projectRoot = "";
			targets = (
				6475C7491A9A26E10027216B /* myToDoApp */,
				6475C7621A9A26E10027216B /* myToDoAppTests */,
			);
		};
/* End PBXProject section */

/* Begin PBXResourcesBuildPhase section */
		6475C7481A9A26E10027216B /* Resources */ = {
			isa = PBXResourcesBuildPhase;
			buildActionMask = 2147483647;
			files = (
				6475C7591A9A26E10027216B /* Main.storyboard in Resources */,
				6475C75E1A9A26E10027216B /* LaunchScreen.xib in Resources */,
				6475C75B1A9A26E10027216B /* Images.xcassets in Resources */,
			);
			runOnlyForDeploymentPostprocessing = 0;
		};
		6475C7611A9A26E10027216B /* Resources */ = {
			isa = PBXResourcesBuildPhase;
			buildActionMask = 2147483647;
			files = (
			);
			runOnlyForDeploymentPostprocessing = 0;
		};
/* End PBXResourcesBuildPhase section */

/* Begin PBXSourcesBuildPhase section */
		6475C7461A9A26E10027216B /* Sources */ = {
			isa = PBXSourcesBuildPhase;
			buildActionMask = 2147483647;
			files = (
				6475C7531A9A26E10027216B /* AppDelegate.m in Sources */,
				64ECD7C01AA5F786003E06A6 /* ToDoItem.m in Sources */,
				646451F21AA4867600F21DCF /* ToDoListTableViewController.m in Sources */,
				6475C7501A9A26E10027216B /* main.m in Sources */,
				646451EF1AA4835F00F21DCF /* AddToDoItemViewController.m in Sources */,
			);
			runOnlyForDeploymentPostprocessing = 0;
		};
		6475C75F1A9A26E10027216B /* Sources */ = {
			isa = PBXSourcesBuildPhase;
			buildActionMask = 2147483647;
			files = (
				6475C76A1A9A26E10027216B /* myToDoAppTests.m in Sources */,
			);
			runOnlyForDeploymentPostprocessing = 0;
		};
/* End PBXSourcesBuildPhase section */

/* Begin PBXTargetDependency section */
		6475C7651A9A26E10027216B /* PBXTargetDependency */ = {
			isa = PBXTargetDependency;
			target = 6475C7491A9A26E10027216B /* myToDoApp */;
			targetProxy = 6475C7641A9A26E10027216B /* PBXContainerItemProxy */;
		};
/* End PBXTargetDependency section */

/* Begin PBXVariantGroup section */
		6475C7571A9A26E10027216B /* Main.storyboard */ = {
			isa = PBXVariantGroup;
			children = (
				6475C7581A9A26E10027216B /* Base */,
			);
			name = Main.storyboard;
			sourceTree = "<group>";
		};
		6475C75C1A9A26E10027216B /* LaunchScreen.xib */ = {
			isa = PBXVariantGroup;
			children = (
				6475C75D1A9A26E10027216B /* Base */,
			);
			name = LaunchScreen.xib;
			sourceTree = "<group>";
		};
/* End PBXVariantGroup section */

/* Begin XCBuildConfiguration section */
		6475C76B1A9A26E10027216B /* Debug */ = {
			isa = XCBuildConfiguration;
			buildSettings = {
				ALWAYS_SEARCH_USER_PATHS = NO;
				CLANG_CXX_LANGUAGE_STANDARD = "gnu++0x";
				CLANG_CXX_LIBRARY = "libc++";
				CLANG_ENABLE_MODULES = YES;
				CLANG_ENABLE_OBJC_ARC = YES;
				CLANG_WARN_BOOL_CONVERSION = YES;
				CLANG_WARN_CONSTANT_CONVERSION = YES;
				CLANG_WARN_DIRECT_OBJC_ISA_USAGE = YES_ERROR;
				CLANG_WARN_EMPTY_BODY = YES;
				CLANG_WARN_ENUM_CONVERSION = YES;
				CLANG_WARN_INT_CONVERSION = YES;
				CLANG_WARN_OBJC_ROOT_CLASS = YES_ERROR;
				CLANG_WARN_UNREACHABLE_CODE = YES;
				CLANG_WARN__DUPLICATE_METHOD_MATCH = YES;
				"CODE_SIGN_IDENTITY[sdk=iphoneos*]" = "iPhone Developer";
				COPY_PHASE_STRIP = NO;
				ENABLE_STRICT_OBJC_MSGSEND = YES;
				GCC_C_LANGUAGE_STANDARD = gnu99;
				GCC_DYNAMIC_NO_PIC = NO;
				GCC_OPTIMIZATION_LEVEL = 0;
				GCC_PREPROCESSOR_DEFINITIONS = (
					"DEBUG=1",
					"$(inherited)",
				);
				GCC_SYMBOLS_PRIVATE_EXTERN = NO;
				GCC_WARN_64_TO_32_BIT_CONVERSION = YES;
				GCC_WARN_ABOUT_RETURN_TYPE = YES_ERROR;
				GCC_WARN_UNDECLARED_SELECTOR = YES;
				GCC_WARN_UNINITIALIZED_AUTOS = YES_AGGRESSIVE;
				GCC_WARN_UNUSED_FUNCTION = YES;
				GCC_WARN_UNUSED_VARIABLE = YES;
				IPHONEOS_DEPLOYMENT_TARGET = 8.1;
				MTL_ENABLE_DEBUG_INFO = YES;
				ONLY_ACTIVE_ARCH = YES;
				SDKROOT = iphoneos;
				TARGETED_DEVICE_FAMILY = "1,2";
			};
			name = Debug;
		};
		6475C76C1A9A26E10027216B /* Release */ = {
			isa = XCBuildConfiguration;
			buildSettings = {
				ALWAYS_SEARCH_USER_PATHS = NO;
				CLANG_CXX_LANGUAGE_STANDARD = "gnu++0x";
				CLANG_CXX_LIBRARY = "libc++";
				CLANG_ENABLE_MODULES = YES;
				CLANG_ENABLE_OBJC_ARC = YES;
				CLANG_WARN_BOOL_CONVERSION = YES;
				CLANG_WARN_CONSTANT_CONVERSION = YES;
				CLANG_WARN_DIRECT_OBJC_ISA_USAGE = YES_ERROR;
				CLANG_WARN_EMPTY_BODY = YES;
				CLANG_WARN_ENUM_CONVERSION = YES;
				CLANG_WARN_INT_CONVERSION = YES;
				CLANG_WARN_OBJC_ROOT_CLASS = YES_ERROR;
				CLANG_WARN_UNREACHABLE_CODE = YES;
				CLANG_WARN__DUPLICATE_METHOD_MATCH = YES;
				"CODE_SIGN_IDENTITY[sdk=iphoneos*]" = "iPhone Developer";
				COPY_PHASE_STRIP = YES;
				ENABLE_NS_ASSERTIONS = NO;
				ENABLE_STRICT_OBJC_MSGSEND = YES;
				GCC_C_LANGUAGE_STANDARD = gnu99;
				GCC_WARN_64_TO_32_BIT_CONVERSION = YES;
				GCC_WARN_ABOUT_RETURN_TYPE = YES_ERROR;
				GCC_WARN_UNDECLARED_SELECTOR = YES;
				GCC_WARN_UNINITIALIZED_AUTOS = YES_AGGRESSIVE;
				GCC_WARN_UNUSED_FUNCTION = YES;
				GCC_WARN_UNUSED_VARIABLE = YES;
				IPHONEOS_DEPLOYMENT_TARGET = 8.1;
				MTL_ENABLE_DEBUG_INFO = NO;
				SDKROOT = iphoneos;
				TARGETED_DEVICE_FAMILY = "1,2";
				VALIDATE_PRODUCT = YES;
			};
			name = Release;
		};
		6475C76E1A9A26E10027216B /* Debug */ = {
			isa = XCBuildConfiguration;
			buildSettings = {
				ASSETCATALOG_COMPILER_APPICON_NAME = AppIcon;
				INFOPLIST_FILE = myToDoApp/Info.plist;
				LD_RUNPATH_SEARCH_PATHS = "$(inherited) @executable_path/Frameworks";
				PRODUCT_NAME = myToDoApp;
			};
			name = Debug;
		};
		6475C76F1A9A26E10027216B /* Release */ = {
			isa = XCBuildConfiguration;
			buildSettings = {
				ASSETCATALOG_COMPILER_APPICON_NAME = AppIcon;
				INFOPLIST_FILE = myToDoApp/Info.plist;
				LD_RUNPATH_SEARCH_PATHS = "$(inherited) @executable_path/Frameworks";
				PRODUCT_NAME = myToDoApp;
			};
			name = Release;
		};
		6475C7711A9A26E10027216B /* Debug */ = {
			isa = XCBuildConfiguration;
			buildSettings = {
				BUNDLE_LOADER = "$(TEST_HOST)";
				FRAMEWORK_SEARCH_PATHS = (
					"$(SDKROOT)/Developer/Library/Frameworks",
					"$(inherited)",
				);
				GCC_PREPROCESSOR_DEFINITIONS = (
					"DEBUG=1",
					"$(inherited)",
				);
				INFOPLIST_FILE = myToDoAppTests/Info.plist;
				LD_RUNPATH_SEARCH_PATHS = "$(inherited) @executable_path/Frameworks @loader_path/Frameworks";
				PRODUCT_NAME = myToDoAppTests;
				TEST_HOST = "$(BUILT_PRODUCTS_DIR)/myToDoApp.app/myToDoApp";
			};
			name = Debug;
		};
		6475C7721A9A26E10027216B /* Release */ = {
			isa = XCBuildConfiguration;
			buildSettings = {
				BUNDLE_LOADER = "$(TEST_HOST)";
				FRAMEWORK_SEARCH_PATHS = (
					"$(SDKROOT)/Developer/Library/Frameworks",
					"$(inherited)",
				);
				INFOPLIST_FILE = myToDoAppTests/Info.plist;
				LD_RUNPATH_SEARCH_PATHS = "$(inherited) @executable_path/Frameworks @loader_path/Frameworks";
				PRODUCT_NAME = myToDoAppTests;
				TEST_HOST = "$(BUILT_PRODUCTS_DIR)/myToDoApp.app/myToDoApp";
			};
			name = Release;
		};
/* End XCBuildConfiguration section */

/* Begin XCConfigurationList section */
		6475C7451A9A26E10027216B /* Build configuration list for PBXProject "myToDoApp" */ = {
			isa = XCConfigurationList;
			buildConfigurations = (
				6475C76B1A9A26E10027216B /* Debug */,
				6475C76C1A9A26E10027216B /* Release */,
			);
			defaultConfigurationIsVisible = 0;
			defaultConfigurationName = Release;
		};
		6475C76D1A9A26E10027216B /* Build configuration list for PBXNativeTarget "myToDoApp" */ = {
			isa = XCConfigurationList;
			buildConfigurations = (
				6475C76E1A9A26E10027216B /* Debug */,
				6475C76F1A9A26E10027216B /* Release */,
			);
			defaultConfigurationIsVisible = 0;
			defaultConfigurationName = Release;
		};
		6475C7701A9A26E10027216B /* Build configuration list for PBXNativeTarget "myToDoAppTests" */ = {
			isa = XCConfigurationList;
			buildConfigurations = (
				6475C7711A9A26E10027216B /* Debug */,
				6475C7721A9A26E10027216B /* Release */,
			);
			defaultConfigurationIsVisible = 0;
			defaultConfigurationName = Release;
		};
/* End XCConfigurationList section */
	};
	rootObject = 6475C7421A9A26E10027216B /* Project object */;
}
